
Microsoft Visual Studio Solution File, Format Version 12.00
# Visual Studio Version 17
VisualStudioVersion = 17.7.34202.233
MinimumVisualStudioVersion = 10.0.40219.1
Project("{9A19103F-16F7-4668-BE54-9A1E7A4F7556}") = "Auth", "Auth\Auth.csproj", "{A92BBD73-A08E-4FF6-B41F-E30B3F6F6887}"
EndProject
Project("{9A19103F-16F7-4668-BE54-9A1E7A4F7556}") = "front", "front\front.csproj", "{5C88231A-AAD4-4591-B06F-B880C5127B19}"
EndProject
Global
	GlobalSection(SolutionConfigurationPlatforms) = preSolution
		Debug|Any CPU = Debug|Any CPU
		Release|Any CPU = Release|Any CPU
	EndGlobalSection
	GlobalSection(ProjectConfigurationPlatforms) = postSolution
		{A92BBD73-A08E-4FF6-B41F-E30B3F6F6887}.Debug|Any CPU.ActiveCfg = Debug|Any CPU
		{A92BBD73-A08E-4FF6-B41F-E30B3F6F6887}.Debug|Any CPU.Build.0 = Debug|Any CPU
		{A92BBD73-A08E-4FF6-B41F-E30B3F6F6887}.Release|Any CPU.ActiveCfg = Release|Any CPU
		{A92BBD73-A08E-4FF6-B41F-E30B3F6F6887}.Release|Any CPU.Build.0 = Release|Any CPU
		{5C88231A-AAD4-4591-B06F-B880C5127B19}.Debug|Any CPU.ActiveCfg = Debug|Any CPU
		{5C88231A-AAD4-4591-B06F-B880C5127B19}.Debug|Any CPU.Build.0 = Debug|Any CPU
		{5C88231A-AAD4-4591-B06F-B880C5127B19}.Release|Any CPU.ActiveCfg = Release|Any CPU
		{5C88231A-AAD4-4591-B06F-B880C5127B19}.Release|Any CPU.Build.0 = Release|Any CPU
	EndGlobalSection
	GlobalSection(SolutionProperties) = preSolution
		HideSolutionNode = FALSE
	EndGlobalSection
	GlobalSection(ExtensibilityGlobals) = postSolution
		SolutionGuid = {CC946415-5C42-408E-937B-A72D001449D0}
	EndGlobalSection
EndGlobal
